// !$*UTF8*$!
{
	archiveVersion = 1;
	classes = {
	};
	objectVersion = 45;
	objects = {

/* Begin PBXBuildFile section */
		1DDD58160DA1D0A300B32029 /* MainMenu.xib in Resources */ = {isa = PBXBuildFile; fileRef = 1DDD58140DA1D0A300B32029 /* MainMenu.xib */; };
		256AC3DA0F4B6AC300CF3369 /* IntentionalIDEAppDelegate.m in Sources */ = {isa = PBXBuildFile; fileRef = 256AC3D90F4B6AC300CF3369 /* IntentionalIDEAppDelegate.m */; };
		8D11072B0486CEB800E47090 /* InfoPlist.strings in Resources */ = {isa = PBXBuildFile; fileRef = 089C165CFE840E0CC02AAC07 /* InfoPlist.strings */; };
		8D11072D0486CEB800E47090 /* main.m in Sources */ = {isa = PBXBuildFile; fileRef = 29B97316FDCFA39411CA2CEA /* main.m */; settings = {ATTRIBUTES = (); }; };
		8D11072F0486CEB800E47090 /* Cocoa.framework in Frameworks */ = {isa = PBXBuildFile; fileRef = 1058C7A1FEA54F0111CA2CBB /* Cocoa.framework */; };
		D71BDD9C11613D92007FE6FC /* JavaScript.g in Resources */ = {isa = PBXBuildFile; fileRef = D71BDD9B11613D92007FE6FC /* JavaScript.g */; };
		D71BDDC0116140FB007FE6FC /* DynaLoaderTest.h in Headers */ = {isa = PBXBuildFile; fileRef = D71BDDBE116140FB007FE6FC /* DynaLoaderTest.h */; };
		D71BDDC1116140FB007FE6FC /* DynaLoaderTest.m in Sources */ = {isa = PBXBuildFile; fileRef = D71BDDBF116140FB007FE6FC /* DynaLoaderTest.m */; };
		D71BDDF711614562007FE6FC /* IntentionalObjectiveC.framework in CopyFiles */ = {isa = PBXBuildFile; fileRef = D71BDDB7116140A4007FE6FC /* IntentionalObjectiveC.framework */; };
		D71BDE4411614C7E007FE6FC /* IntentionalObjectiveC.h in Headers */ = {isa = PBXBuildFile; fileRef = D71BDE4211614C7E007FE6FC /* IntentionalObjectiveC.h */; };
		D71BDE4511614C7E007FE6FC /* IntentionalObjectiveC.m in Sources */ = {isa = PBXBuildFile; fileRef = D71BDE4311614C7E007FE6FC /* IntentionalObjectiveC.m */; };
		D71BDE9E11615377007FE6FC /* JavaScriptLexer.c in Sources */ = {isa = PBXBuildFile; fileRef = D71BDE9A11615377007FE6FC /* JavaScriptLexer.c */; };
		D71BDE9F11615377007FE6FC /* JavaScriptParser.c in Sources */ = {isa = PBXBuildFile; fileRef = D71BDE9C11615377007FE6FC /* JavaScriptParser.c */; };
		D71BDEC3116157C6007FE6FC /* libantlr3c.dylib in Frameworks */ = {isa = PBXBuildFile; fileRef = D71BDEC2116157C6007FE6FC /* libantlr3c.dylib */; };
		D71BDED111616097007FE6FC /* IntentionalEditorView.m in Sources */ = {isa = PBXBuildFile; fileRef = D71BDED011616097007FE6FC /* IntentionalEditorView.m */; };
		D71BDEF2116161E5007FE6FC /* MethodView.m in Sources */ = {isa = PBXBuildFile; fileRef = D71BDEF1116161E5007FE6FC /* MethodView.m */; };
		D721A5081160E08400BD51C9 /* IntentionalCore.m in Sources */ = {isa = PBXBuildFile; fileRef = D721A5071160E08400BD51C9 /* IntentionalCore.m */; };
		D721A50C1160E11800BD51C9 /* IntentionalClass.m in Sources */ = {isa = PBXBuildFile; fileRef = D721A50B1160E11800BD51C9 /* IntentionalClass.m */; };
		D721A50F1160E12600BD51C9 /* IntentionalAttribute.m in Sources */ = {isa = PBXBuildFile; fileRef = D721A50E1160E12600BD51C9 /* IntentionalAttribute.m */; };
		D721A5121160E13100BD51C9 /* IntentionalMethod.m in Sources */ = {isa = PBXBuildFile; fileRef = D721A5111160E13100BD51C9 /* IntentionalMethod.m */; };
		D721A5191160E1CC00BD51C9 /* CodeGenerator.m in Sources */ = {isa = PBXBuildFile; fileRef = D721A5181160E1CC00BD51C9 /* CodeGenerator.m */; };
		D721A51C1160E1D800BD51C9 /* CodeExecutor.m in Sources */ = {isa = PBXBuildFile; fileRef = D721A51B1160E1D800BD51C9 /* CodeExecutor.m */; };
		D721A51F1160E42000BD51C9 /* IntentionalObject.m in Sources */ = {isa = PBXBuildFile; fileRef = D721A51E1160E42000BD51C9 /* IntentionalObject.m */; };
		D721A62B1160EFC500BD51C9 /* JavaScriptClass.m in Sources */ = {isa = PBXBuildFile; fileRef = D721A62A1160EFC500BD51C9 /* JavaScriptClass.m */; };
		D721A62D1160EFE400BD51C9 /* JavaScriptCore.framework in Frameworks */ = {isa = PBXBuildFile; fileRef = D721A62C1160EFE400BD51C9 /* JavaScriptCore.framework */; };
/* End PBXBuildFile section */

/* Begin PBXCopyFilesBuildPhase section */
		D71BDE0111614658007FE6FC /* CopyFiles */ = {
			isa = PBXCopyFilesBuildPhase;
			buildActionMask = 2147483647;
			dstPath = "";
			dstSubfolderSpec = 10;
			files = (
				D71BDDF711614562007FE6FC /* IntentionalObjectiveC.framework in CopyFiles */,
			);
			runOnlyForDeploymentPostprocessing = 0;
		};
/* End PBXCopyFilesBuildPhase section */

/* Begin PBXFileReference section */
		089C165DFE840E0CC02AAC07 /* English */ = {isa = PBXFileReference; fileEncoding = 4; lastKnownFileType = text.plist.strings; name = English; path = English.lproj/InfoPlist.strings; sourceTree = "<group>"; };
		1058C7A1FEA54F0111CA2CBB /* Cocoa.framework */ = {isa = PBXFileReference; lastKnownFileType = wrapper.framework; name = Cocoa.framework; path = /System/Library/Frameworks/Cocoa.framework; sourceTree = "<absolute>"; };
		13E42FB307B3F0F600E4EEF1 /* CoreData.framework */ = {isa = PBXFileReference; lastKnownFileType = wrapper.framework; name = CoreData.framework; path = /System/Library/Frameworks/CoreData.framework; sourceTree = "<absolute>"; };
		1DDD58150DA1D0A300B32029 /* English */ = {isa = PBXFileReference; lastKnownFileType = file.xib; name = English; path = English.lproj/MainMenu.xib; sourceTree = "<group>"; };
		256AC3D80F4B6AC300CF3369 /* IntentionalIDEAppDelegate.h */ = {isa = PBXFileReference; fileEncoding = 4; lastKnownFileType = sourcecode.c.h; path = IntentionalIDEAppDelegate.h; sourceTree = "<group>"; };
		256AC3D90F4B6AC300CF3369 /* IntentionalIDEAppDelegate.m */ = {isa = PBXFileReference; fileEncoding = 4; lastKnownFileType = sourcecode.c.objc; path = IntentionalIDEAppDelegate.m; sourceTree = "<group>"; };
		256AC3F00F4B6AF500CF3369 /* IntentionalIDE_Prefix.pch */ = {isa = PBXFileReference; fileEncoding = 4; lastKnownFileType = sourcecode.c.h; path = IntentionalIDE_Prefix.pch; sourceTree = "<group>"; };
		29B97316FDCFA39411CA2CEA /* main.m */ = {isa = PBXFileReference; fileEncoding = 4; lastKnownFileType = sourcecode.c.objc; path = main.m; sourceTree = "<group>"; };
		29B97324FDCFA39411CA2CEA /* AppKit.framework */ = {isa = PBXFileReference; lastKnownFileType = wrapper.framework; name = AppKit.framework; path = /System/Library/Frameworks/AppKit.framework; sourceTree = "<absolute>"; };
		29B97325FDCFA39411CA2CEA /* Foundation.framework */ = {isa = PBXFileReference; lastKnownFileType = wrapper.framework; name = Foundation.framework; path = /System/Library/Frameworks/Foundation.framework; sourceTree = "<absolute>"; };
		8D1107310486CEB800E47090 /* IntentionalIDE-Info.plist */ = {isa = PBXFileReference; fileEncoding = 4; lastKnownFileType = text.plist.xml; path = "IntentionalIDE-Info.plist"; sourceTree = "<group>"; };
		8D1107320486CEB800E47090 /* IntentionalIDE.app */ = {isa = PBXFileReference; explicitFileType = wrapper.application; includeInIndex = 0; path = IntentionalIDE.app; sourceTree = BUILT_PRODUCTS_DIR; };
		D71BDD9B11613D92007FE6FC /* JavaScript.g */ = {isa = PBXFileReference; fileEncoding = 4; lastKnownFileType = text; name = JavaScript.g; path = parsing/JavaScript.g; sourceTree = "<group>"; };
		D71BDD9D11613EAD007FE6FC /* Java.g */ = {isa = PBXFileReference; fileEncoding = 4; lastKnownFileType = text; path = Java.g; sourceTree = "<group>"; };
		D71BDDB7116140A4007FE6FC /* IntentionalObjectiveC.framework */ = {isa = PBXFileReference; explicitFileType = wrapper.framework; includeInIndex = 0; path = IntentionalObjectiveC.framework; sourceTree = BUILT_PRODUCTS_DIR; };
		D71BDDB8116140A4007FE6FC /* IntentionalObjectiveC-Info.plist */ = {isa = PBXFileReference; lastKnownFileType = text.plist.xml; path = "IntentionalObjectiveC-Info.plist"; sourceTree = "<group>"; };
		D71BDDBE116140FB007FE6FC /* DynaLoaderTest.h */ = {isa = PBXFileReference; fileEncoding = 4; lastKnownFileType = sourcecode.c.h; path = DynaLoaderTest.h; sourceTree = "<group>"; };
		D71BDDBF116140FB007FE6FC /* DynaLoaderTest.m */ = {isa = PBXFileReference; fileEncoding = 4; lastKnownFileType = sourcecode.c.objc; path = DynaLoaderTest.m; sourceTree = "<group>"; };
		D71BDE4211614C7E007FE6FC /* IntentionalObjectiveC.h */ = {isa = PBXFileReference; fileEncoding = 4; lastKnownFileType = sourcecode.c.h; path = IntentionalObjectiveC.h; sourceTree = "<group>"; };
		D71BDE4311614C7E007FE6FC /* IntentionalObjectiveC.m */ = {isa = PBXFileReference; fileEncoding = 4; lastKnownFileType = sourcecode.c.objc; path = IntentionalObjectiveC.m; sourceTree = "<group>"; };
		D71BDE9A11615377007FE6FC /* JavaScriptLexer.c */ = {isa = PBXFileReference; fileEncoding = 4; lastKnownFileType = sourcecode.c.c; name = JavaScriptLexer.c; path = parsing/JavaScriptLexer.c; sourceTree = "<group>"; };
		D71BDE9B11615377007FE6FC /* JavaScriptLexer.h */ = {isa = PBXFileReference; fileEncoding = 4; lastKnownFileType = sourcecode.c.h; name = JavaScriptLexer.h; path = parsing/JavaScriptLexer.h; sourceTree = "<group>"; };
		D71BDE9C11615377007FE6FC /* JavaScriptParser.c */ = {isa = PBXFileReference; fileEncoding = 4; lastKnownFileType = sourcecode.c.c; name = JavaScriptParser.c; path = parsing/JavaScriptParser.c; sourceTree = "<group>"; };
		D71BDE9D11615377007FE6FC /* JavaScriptParser.h */ = {isa = PBXFileReference; fileEncoding = 4; lastKnownFileType = sourcecode.c.h; name = JavaScriptParser.h; path = parsing/JavaScriptParser.h; sourceTree = "<group>"; };
		D71BDEC2116157C6007FE6FC /* libantlr3c.dylib */ = {isa = PBXFileReference; lastKnownFileType = "compiled.mach-o.dylib"; name = libantlr3c.dylib; path = /usr/local/lib/libantlr3c.dylib; sourceTree = "<absolute>"; };
		D71BDECF11616097007FE6FC /* IntentionalEditorView.h */ = {isa = PBXFileReference; fileEncoding = 4; lastKnownFileType = sourcecode.c.h; path = IntentionalEditorView.h; sourceTree = "<group>"; };
		D71BDED011616097007FE6FC /* IntentionalEditorView.m */ = {isa = PBXFileReference; fileEncoding = 4; lastKnownFileType = sourcecode.c.objc; path = IntentionalEditorView.m; sourceTree = "<group>"; };
		D71BDEF0116161E5007FE6FC /* MethodView.h */ = {isa = PBXFileReference; fileEncoding = 4; lastKnownFileType = sourcecode.c.h; path = MethodView.h; sourceTree = "<group>"; };
		D71BDEF1116161E5007FE6FC /* MethodView.m */ = {isa = PBXFileReference; fileEncoding = 4; lastKnownFileType = sourcecode.c.objc; path = MethodView.m; sourceTree = "<group>"; };
		D721A5061160E08400BD51C9 /* IntentionalCore.h */ = {isa = PBXFileReference; fileEncoding = 4; lastKnownFileType = sourcecode.c.h; path = IntentionalCore.h; sourceTree = "<group>"; };
		D721A5071160E08400BD51C9 /* IntentionalCore.m */ = {isa = PBXFileReference; fileEncoding = 4; lastKnownFileType = sourcecode.c.objc; path = IntentionalCore.m; sourceTree = "<group>"; };
		D721A50A1160E11800BD51C9 /* IntentionalClass.h */ = {isa = PBXFileReference; fileEncoding = 4; lastKnownFileType = sourcecode.c.h; path = IntentionalClass.h; sourceTree = "<group>"; };
		D721A50B1160E11800BD51C9 /* IntentionalClass.m */ = {isa = PBXFileReference; fileEncoding = 4; lastKnownFileType = sourcecode.c.objc; path = IntentionalClass.m; sourceTree = "<group>"; };
		D721A50D1160E12600BD51C9 /* IntentionalAttribute.h */ = {isa = PBXFileReference; fileEncoding = 4; lastKnownFileType = sourcecode.c.h; path = IntentionalAttribute.h; sourceTree = "<group>"; };
		D721A50E1160E12600BD51C9 /* IntentionalAttribute.m */ = {isa = PBXFileReference; fileEncoding = 4; lastKnownFileType = sourcecode.c.objc; path = IntentionalAttribute.m; sourceTree = "<group>"; };
		D721A5101160E13100BD51C9 /* IntentionalMethod.h */ = {isa = PBXFileReference; fileEncoding = 4; lastKnownFileType = sourcecode.c.h; path = IntentionalMethod.h; sourceTree = "<group>"; };
		D721A5111160E13100BD51C9 /* IntentionalMethod.m */ = {isa = PBXFileReference; fileEncoding = 4; lastKnownFileType = sourcecode.c.objc; path = IntentionalMethod.m; sourceTree = "<group>"; };
		D721A5171160E1CC00BD51C9 /* CodeGenerator.h */ = {isa = PBXFileReference; fileEncoding = 4; lastKnownFileType = sourcecode.c.h; path = CodeGenerator.h; sourceTree = "<group>"; };
		D721A5181160E1CC00BD51C9 /* CodeGenerator.m */ = {isa = PBXFileReference; fileEncoding = 4; lastKnownFileType = sourcecode.c.objc; path = CodeGenerator.m; sourceTree = "<group>"; };
		D721A51A1160E1D800BD51C9 /* CodeExecutor.h */ = {isa = PBXFileReference; fileEncoding = 4; lastKnownFileType = sourcecode.c.h; path = CodeExecutor.h; sourceTree = "<group>"; };
		D721A51B1160E1D800BD51C9 /* CodeExecutor.m */ = {isa = PBXFileReference; fileEncoding = 4; lastKnownFileType = sourcecode.c.objc; path = CodeExecutor.m; sourceTree = "<group>"; };
		D721A51D1160E42000BD51C9 /* IntentionalObject.h */ = {isa = PBXFileReference; fileEncoding = 4; lastKnownFileType = sourcecode.c.h; path = IntentionalObject.h; sourceTree = "<group>"; };
		D721A51E1160E42000BD51C9 /* IntentionalObject.m */ = {isa = PBXFileReference; fileEncoding = 4; lastKnownFileType = sourcecode.c.objc; path = IntentionalObject.m; sourceTree = "<group>"; };
		D721A6291160EFC500BD51C9 /* JavaScriptClass.h */ = {isa = PBXFileReference; fileEncoding = 4; lastKnownFileType = sourcecode.c.h; path = JavaScriptClass.h; sourceTree = "<group>"; };
		D721A62A1160EFC500BD51C9 /* JavaScriptClass.m */ = {isa = PBXFileReference; fileEncoding = 4; lastKnownFileType = sourcecode.c.objc; path = JavaScriptClass.m; sourceTree = "<group>"; };
		D721A62C1160EFE400BD51C9 /* JavaScriptCore.framework */ = {isa = PBXFileReference; lastKnownFileType = wrapper.framework; name = JavaScriptCore.framework; path = System/Library/Frameworks/JavaScriptCore.framework; sourceTree = SDKROOT; };
/* End PBXFileReference section */

/* Begin PBXFrameworksBuildPhase section */
		8D11072E0486CEB800E47090 /* Frameworks */ = {
			isa = PBXFrameworksBuildPhase;
			buildActionMask = 2147483647;
			files = (
				8D11072F0486CEB800E47090 /* Cocoa.framework in Frameworks */,
				D721A62D1160EFE400BD51C9 /* JavaScriptCore.framework in Frameworks */,
				D71BDEC3116157C6007FE6FC /* libantlr3c.dylib in Frameworks */,
			);
			runOnlyForDeploymentPostprocessing = 0;
		};
		D71BDDB5116140A4007FE6FC /* Frameworks */ = {
			isa = PBXFrameworksBuildPhase;
			buildActionMask = 2147483647;
			files = (
			);
			runOnlyForDeploymentPostprocessing = 0;
		};
/* End PBXFrameworksBuildPhase section */

/* Begin PBXGroup section */
		080E96DDFE201D6D7F000001 /* Classes */ = {
			isa = PBXGroup;
			children = (
				256AC3D80F4B6AC300CF3369 /* IntentionalIDEAppDelegate.h */,
				256AC3D90F4B6AC300CF3369 /* IntentionalIDEAppDelegate.m */,
				D71BDECF11616097007FE6FC /* IntentionalEditorView.h */,
				D71BDED011616097007FE6FC /* IntentionalEditorView.m */,
				D71BDEF0116161E5007FE6FC /* MethodView.h */,
				D71BDEF1116161E5007FE6FC /* MethodView.m */,
			);
			name = Classes;
			sourceTree = "<group>";
		};
		1058C7A0FEA54F0111CA2CBB /* Linked Frameworks */ = {
			isa = PBXGroup;
			children = (
				1058C7A1FEA54F0111CA2CBB /* Cocoa.framework */,
				D721A62C1160EFE400BD51C9 /* JavaScriptCore.framework */,
				D71BDEC2116157C6007FE6FC /* libantlr3c.dylib */,
			);
			name = "Linked Frameworks";
			sourceTree = "<group>";
		};
		1058C7A2FEA54F0111CA2CBB /* Other Frameworks */ = {
			isa = PBXGroup;
			children = (
				29B97324FDCFA39411CA2CEA /* AppKit.framework */,
				13E42FB307B3F0F600E4EEF1 /* CoreData.framework */,
				29B97325FDCFA39411CA2CEA /* Foundation.framework */,
			);
			name = "Other Frameworks";
			sourceTree = "<group>";
		};
		19C28FACFE9D520D11CA2CBB /* Products */ = {
			isa = PBXGroup;
			children = (
				8D1107320486CEB800E47090 /* IntentionalIDE.app */,
				D71BDDB7116140A4007FE6FC /* IntentionalObjectiveC.framework */,
			);
			name = Products;
			sourceTree = "<group>";
		};
		29B97314FDCFA39411CA2CEA /* IntentionalIDE */ = {
			isa = PBXGroup;
			children = (
				D71BDDBD116140C9007FE6FC /* ObjectiveC Generator */,
				D71BDD2E1161329E007FE6FC /* Parser */,
				D721A5051160E06900BD51C9 /* Core */,
				080E96DDFE201D6D7F000001 /* Classes */,
				29B97315FDCFA39411CA2CEA /* Other Sources */,
				29B97317FDCFA39411CA2CEA /* Resources */,
				29B97323FDCFA39411CA2CEA /* Frameworks */,
				19C28FACFE9D520D11CA2CBB /* Products */,
				D71BDDB8116140A4007FE6FC /* IntentionalObjectiveC-Info.plist */,
			);
			name = IntentionalIDE;
			sourceTree = "<group>";
		};
		29B97315FDCFA39411CA2CEA /* Other Sources */ = {
			isa = PBXGroup;
			children = (
				256AC3F00F4B6AF500CF3369 /* IntentionalIDE_Prefix.pch */,
				29B97316FDCFA39411CA2CEA /* main.m */,
			);
			name = "Other Sources";
			sourceTree = "<group>";
		};
		29B97317FDCFA39411CA2CEA /* Resources */ = {
			isa = PBXGroup;
			children = (
				8D1107310486CEB800E47090 /* IntentionalIDE-Info.plist */,
				089C165CFE840E0CC02AAC07 /* InfoPlist.strings */,
				1DDD58140DA1D0A300B32029 /* MainMenu.xib */,
			);
			name = Resources;
			sourceTree = "<group>";
		};
		29B97323FDCFA39411CA2CEA /* Frameworks */ = {
			isa = PBXGroup;
			children = (
				1058C7A0FEA54F0111CA2CBB /* Linked Frameworks */,
				1058C7A2FEA54F0111CA2CBB /* Other Frameworks */,
			);
			name = Frameworks;
			sourceTree = "<group>";
		};
		D71BDD2E1161329E007FE6FC /* Parser */ = {
			isa = PBXGroup;
			children = (
				D71BDE9A11615377007FE6FC /* JavaScriptLexer.c */,
				D71BDE9B11615377007FE6FC /* JavaScriptLexer.h */,
				D71BDE9C11615377007FE6FC /* JavaScriptParser.c */,
				D71BDE9D11615377007FE6FC /* JavaScriptParser.h */,
				D71BDD9B11613D92007FE6FC /* JavaScript.g */,
				D71BDD9D11613EAD007FE6FC /* Java.g */,
			);
			name = Parser;
			sourceTree = "<group>";
		};
		D71BDDBD116140C9007FE6FC /* ObjectiveC Generator */ = {
			isa = PBXGroup;
			children = (
				D71BDDBE116140FB007FE6FC /* DynaLoaderTest.h */,
				D71BDDBF116140FB007FE6FC /* DynaLoaderTest.m */,
				D71BDE4211614C7E007FE6FC /* IntentionalObjectiveC.h */,
				D71BDE4311614C7E007FE6FC /* IntentionalObjectiveC.m */,
			);
			name = "ObjectiveC Generator";
			sourceTree = "<group>";
		};
		D721A5051160E06900BD51C9 /* Core */ = {
			isa = PBXGroup;
			children = (
				D721A5091160E10800BD51C9 /* Types */,
				D721A5061160E08400BD51C9 /* IntentionalCore.h */,
				D721A5071160E08400BD51C9 /* IntentionalCore.m */,
				D721A5171160E1CC00BD51C9 /* CodeGenerator.h */,
				D721A5181160E1CC00BD51C9 /* CodeGenerator.m */,
				D721A51A1160E1D800BD51C9 /* CodeExecutor.h */,
				D721A51B1160E1D800BD51C9 /* CodeExecutor.m */,
			);
			name = Core;
			sourceTree = "<group>";
		};
		D721A5091160E10800BD51C9 /* Types */ = {
			isa = PBXGroup;
			children = (
				D721A50A1160E11800BD51C9 /* IntentionalClass.h */,
				D721A50B1160E11800BD51C9 /* IntentionalClass.m */,
				D721A50D1160E12600BD51C9 /* IntentionalAttribute.h */,
				D721A50E1160E12600BD51C9 /* IntentionalAttribute.m */,
				D721A5101160E13100BD51C9 /* IntentionalMethod.h */,
				D721A5111160E13100BD51C9 /* IntentionalMethod.m */,
				D721A51D1160E42000BD51C9 /* IntentionalObject.h */,
				D721A51E1160E42000BD51C9 /* IntentionalObject.m */,
				D721A6291160EFC500BD51C9 /* JavaScriptClass.h */,
				D721A62A1160EFC500BD51C9 /* JavaScriptClass.m */,
			);
			name = Types;
			sourceTree = "<group>";
		};
/* End PBXGroup section */

/* Begin PBXHeadersBuildPhase section */
		D71BDDB2116140A4007FE6FC /* Headers */ = {
			isa = PBXHeadersBuildPhase;
			buildActionMask = 2147483647;
			files = (
				D71BDDC0116140FB007FE6FC /* DynaLoaderTest.h in Headers */,
				D71BDE4411614C7E007FE6FC /* IntentionalObjectiveC.h in Headers */,
			);
			runOnlyForDeploymentPostprocessing = 0;
		};
/* End PBXHeadersBuildPhase section */

/* Begin PBXNativeTarget section */
		8D1107260486CEB800E47090 /* IntentionalIDE */ = {
			isa = PBXNativeTarget;
			buildConfigurationList = C01FCF4A08A954540054247B /* Build configuration list for PBXNativeTarget "IntentionalIDE" */;
			buildPhases = (
				8D1107290486CEB800E47090 /* Resources */,
				8D11072C0486CEB800E47090 /* Sources */,
				8D11072E0486CEB800E47090 /* Frameworks */,
				D71BDE0111614658007FE6FC /* CopyFiles */,
			);
			buildRules = (
			);
			dependencies = (
			);
			name = IntentionalIDE;
			productInstallPath = "$(HOME)/Applications";
			productName = IntentionalIDE;
			productReference = 8D1107320486CEB800E47090 /* IntentionalIDE.app */;
			productType = "com.apple.product-type.application";
		};
		D71BDDB6116140A4007FE6FC /* IntentionalObjectiveC */ = {
			isa = PBXNativeTarget;
			buildConfigurationList = D71BDDBB116140A5007FE6FC /* Build configuration list for PBXNativeTarget "IntentionalObjectiveC" */;
			buildPhases = (
				D71BDDB2116140A4007FE6FC /* Headers */,
				D71BDDB3116140A4007FE6FC /* Resources */,
				D71BDDB4116140A4007FE6FC /* Sources */,
				D71BDDB5116140A4007FE6FC /* Frameworks */,
			);
			buildRules = (
			);
			dependencies = (
			);
			name = IntentionalObjectiveC;
			productName = IntentionalObjectiveC;
			productReference = D71BDDB7116140A4007FE6FC /* IntentionalObjectiveC.framework */;
			productType = "com.apple.product-type.framework";
		};
/* End PBXNativeTarget section */

/* Begin PBXProject section */
		29B97313FDCFA39411CA2CEA /* Project object */ = {
			isa = PBXProject;
			buildConfigurationList = C01FCF4E08A954540054247B /* Build configuration list for PBXProject "IntentionalIDE" */;
			compatibilityVersion = "Xcode 3.1";
			hasScannedForEncodings = 1;
			mainGroup = 29B97314FDCFA39411CA2CEA /* IntentionalIDE */;
			projectDirPath = "";
			projectRoot = "";
			targets = (
				8D1107260486CEB800E47090 /* IntentionalIDE */,
				D71BDDB6116140A4007FE6FC /* IntentionalObjectiveC */,
			);
		};
/* End PBXProject section */

/* Begin PBXResourcesBuildPhase section */
		8D1107290486CEB800E47090 /* Resources */ = {
			isa = PBXResourcesBuildPhase;
			buildActionMask = 2147483647;
			files = (
				8D11072B0486CEB800E47090 /* InfoPlist.strings in Resources */,
				1DDD58160DA1D0A300B32029 /* MainMenu.xib in Resources */,
				D71BDD9C11613D92007FE6FC /* JavaScript.g in Resources */,
			);
			runOnlyForDeploymentPostprocessing = 0;
		};
		D71BDDB3116140A4007FE6FC /* Resources */ = {
			isa = PBXResourcesBuildPhase;
			buildActionMask = 2147483647;
			files = (
			);
			runOnlyForDeploymentPostprocessing = 0;
		};
/* End PBXResourcesBuildPhase section */

/* Begin PBXSourcesBuildPhase section */
		8D11072C0486CEB800E47090 /* Sources */ = {
			isa = PBXSourcesBuildPhase;
			buildActionMask = 2147483647;
			files = (
				8D11072D0486CEB800E47090 /* main.m in Sources */,
				256AC3DA0F4B6AC300CF3369 /* IntentionalIDEAppDelegate.m in Sources */,
				D721A5081160E08400BD51C9 /* IntentionalCore.m in Sources */,
				D721A50C1160E11800BD51C9 /* IntentionalClass.m in Sources */,
				D721A50F1160E12600BD51C9 /* IntentionalAttribute.m in Sources */,
				D721A5121160E13100BD51C9 /* IntentionalMethod.m in Sources */,
				D721A5191160E1CC00BD51C9 /* CodeGenerator.m in Sources */,
				D721A51C1160E1D800BD51C9 /* CodeExecutor.m in Sources */,
				D721A51F1160E42000BD51C9 /* IntentionalObject.m in Sources */,
				D721A62B1160EFC500BD51C9 /* JavaScriptClass.m in Sources */,
				D71BDE9E11615377007FE6FC /* JavaScriptLexer.c in Sources */,
				D71BDE9F11615377007FE6FC /* JavaScriptParser.c in Sources */,
				D71BDED111616097007FE6FC /* IntentionalEditorView.m in Sources */,
				D71BDEF2116161E5007FE6FC /* MethodView.m in Sources */,
			);
			runOnlyForDeploymentPostprocessing = 0;
		};
		D71BDDB4116140A4007FE6FC /* Sources */ = {
			isa = PBXSourcesBuildPhase;
			buildActionMask = 2147483647;
			files = (
				D71BDDC1116140FB007FE6FC /* DynaLoaderTest.m in Sources */,
				D71BDE4511614C7E007FE6FC /* IntentionalObjectiveC.m in Sources */,
			);
			runOnlyForDeploymentPostprocessing = 0;
		};
/* End PBXSourcesBuildPhase section */

/* Begin PBXVariantGroup section */
		089C165CFE840E0CC02AAC07 /* InfoPlist.strings */ = {
			isa = PBXVariantGroup;
			children = (
				089C165DFE840E0CC02AAC07 /* English */,
			);
			name = InfoPlist.strings;
			sourceTree = "<group>";
		};
		1DDD58140DA1D0A300B32029 /* MainMenu.xib */ = {
			isa = PBXVariantGroup;
			children = (
				1DDD58150DA1D0A300B32029 /* English */,
			);
			name = MainMenu.xib;
			sourceTree = "<group>";
		};
/* End PBXVariantGroup section */

/* Begin XCBuildConfiguration section */
		C01FCF4B08A954540054247B /* Debug */ = {
			isa = XCBuildConfiguration;
			buildSettings = {
				ALWAYS_SEARCH_USER_PATHS = NO;
				COPY_PHASE_STRIP = NO;
				GCC_DYNAMIC_NO_PIC = NO;
				GCC_ENABLE_FIX_AND_CONTINUE = YES;
				GCC_MODEL_TUNING = G5;
				GCC_OPTIMIZATION_LEVEL = 0;
				GCC_PRECOMPILE_PREFIX_HEADER = YES;
				GCC_PREFIX_HEADER = IntentionalIDE_Prefix.pch;
				HEADER_SEARCH_PATHS = /usr/local/include;
				INFOPLIST_FILE = "IntentionalIDE-Info.plist";
				INSTALL_PATH = "$(HOME)/Applications";
				PRODUCT_NAME = IntentionalIDE;
			};
			name = Debug;
		};
		C01FCF4C08A954540054247B /* Release */ = {
			isa = XCBuildConfiguration;
			buildSettings = {
				ALWAYS_SEARCH_USER_PATHS = NO;
				DEBUG_INFORMATION_FORMAT = "dwarf-with-dsym";
				GCC_MODEL_TUNING = G5;
				GCC_PRECOMPILE_PREFIX_HEADER = YES;
				GCC_PREFIX_HEADER = IntentionalIDE_Prefix.pch;
				INFOPLIST_FILE = "IntentionalIDE-Info.plist";
				INSTALL_PATH = "$(HOME)/Applications";
				PRODUCT_NAME = IntentionalIDE;
			};
			name = Release;
		};
		C01FCF4F08A954540054247B /* Debug */ = {
			isa = XCBuildConfiguration;
			buildSettings = {
				ARCHS = "$(ARCHS_STANDARD_32_64_BIT)";
				GCC_C_LANGUAGE_STANDARD = gnu99;
				GCC_OPTIMIZATION_LEVEL = 0;
				GCC_WARN_ABOUT_RETURN_TYPE = YES;
				GCC_WARN_UNUSED_VARIABLE = YES;
				ONLY_ACTIVE_ARCH = YES;
				PREBINDING = NO;
				SDKROOT = macosx10.6;
			};
			name = Debug;
		};
		C01FCF5008A954540054247B /* Release */ = {
			isa = XCBuildConfiguration;
			buildSettings = {
				ARCHS = "$(ARCHS_STANDARD_32_64_BIT)";
				GCC_C_LANGUAGE_STANDARD = gnu99;
				GCC_WARN_ABOUT_RETURN_TYPE = YES;
				GCC_WARN_UNUSED_VARIABLE = YES;
				PREBINDING = NO;
				SDKROOT = macosx10.6;
			};
			name = Release;
		};
		D71BDDB9116140A5007FE6FC /* Debug */ = {
			isa = XCBuildConfiguration;
			buildSettings = {
				ALWAYS_SEARCH_USER_PATHS = NO;
				COPY_PHASE_STRIP = NO;
				DYLIB_COMPATIBILITY_VERSION = 1;
				DYLIB_CURRENT_VERSION = 1;
				FRAMEWORK_VERSION = A;
				GCC_DYNAMIC_NO_PIC = NO;
				GCC_ENABLE_FIX_AND_CONTINUE = YES;
				GCC_MODEL_TUNING = G5;
				GCC_OPTIMIZATION_LEVEL = 0;
				GCC_PRECOMPILE_PREFIX_HEADER = YES;
				GCC_PREFIX_HEADER = "$(SYSTEM_LIBRARY_DIR)/Frameworks/AppKit.framework/Headers/AppKit.h";
				INFOPLIST_FILE = "IntentionalObjectiveC-Info.plist";
				INSTALL_PATH = "@executable_path/../Frameworks";
				OTHER_LDFLAGS = (
					"-framework",
					Foundation,
					"-framework",
					AppKit,
				);
				PREBINDING = NO;
				PRODUCT_NAME = IntentionalObjectiveC;
			};
			name = Debug;
		};
		D71BDDBA116140A5007FE6FC /* Release */ = {
			isa = XCBuildConfiguration;
			buildSettings = {
				ALWAYS_SEARCH_USER_PATHS = NO;
				COPY_PHASE_STRIP = YES;
				DEBUG_INFORMATION_FORMAT = "dwarf-with-dsym";
				DYLIB_COMPATIBILITY_VERSION = 1;
				DYLIB_CURRENT_VERSION = 1;
				FRAMEWORK_VERSION = A;
				GCC_ENABLE_FIX_AND_CONTINUE = NO;
				GCC_MODEL_TUNING = G5;
				GCC_PRECOMPILE_PREFIX_HEADER = YES;
				GCC_PREFIX_HEADER = "$(SYSTEM_LIBRARY_DIR)/Frameworks/AppKit.framework/Headers/AppKit.h";
				INFOPLIST_FILE = "IntentionalObjectiveC-Info.plist";
				INSTALL_PATH = "$(HOME)/Library/Frameworks";
				OTHER_LDFLAGS = (
					"-framework",
					Foundation,
					"-framework",
					AppKit,
				);
				PREBINDING = NO;
				PRODUCT_NAME = IntentionalObjectiveC;
				ZERO_LINK = NO;
			};
			name = Release;
		};
/* End XCBuildConfiguration section */

/* Begin XCConfigurationList section */
		C01FCF4A08A954540054247B /* Build configuration list for PBXNativeTarget "IntentionalIDE" */ = {
			isa = XCConfigurationList;
			buildConfigurations = (
				C01FCF4B08A954540054247B /* Debug */,
				C01FCF4C08A954540054247B /* Release */,
			);
			defaultConfigurationIsVisible = 0;
			defaultConfigurationName = Release;
		};
		C01FCF4E08A954540054247B /* Build configuration list for PBXProject "IntentionalIDE" */ = {
			isa = XCConfigurationList;
			buildConfigurations = (
				C01FCF4F08A954540054247B /* Debug */,
				C01FCF5008A954540054247B /* Release */,
			);
			defaultConfigurationIsVisible = 0;
			defaultConfigurationName = Release;
		};
		D71BDDBB116140A5007FE6FC /* Build configuration list for PBXNativeTarget "IntentionalObjectiveC" */ = {
			isa = XCConfigurationList;
			buildConfigurations = (
				D71BDDB9116140A5007FE6FC /* Debug */,
				D71BDDBA116140A5007FE6FC /* Release */,
			);
			defaultConfigurationIsVisible = 0;
			defaultConfigurationName = Release;
		};
/* End XCConfigurationList section */
	};
	rootObject = 29B97313FDCFA39411CA2CEA /* Project object */;
}
